
Microsoft Visual Studio Solution File, Format Version 12.00
# Visual Studio Version 16
VisualStudioVersion = 16.0.30413.136
MinimumVisualStudioVersion = 10.0.40219.1
Project("{FAE04EC0-301F-11D3-BF4B-00C04F79EFBC}") = "Zadanie01", "Zadanie01\Zadanie01.csproj", "{0C0089A5-A523-4419-924C-428CAFB3C06E}"
EndProject
Project("{FAE04EC0-301F-11D3-BF4B-00C04F79EFBC}") = "Zadanie02", "Zadanie02\Zadanie02.csproj", "{0F10E03F-0154-4976-9DCE-9D3FFC8B297B}"
EndProject
Project("{FAE04EC0-301F-11D3-BF4B-00C04F79EFBC}") = "Zadanie03v2", "Zadanie03v2\Zadanie03v2.csproj", "{783B57CA-8BBD-4088-951D-DAEDC563CEB4}"
EndProject
Project("{FAE04EC0-301F-11D3-BF4B-00C04F79EFBC}") = "Zadanie04", "Zadanie04\Zadanie04.csproj", "{AC97559E-7F17-4426-86F4-40FEE87D390E}"
EndProject
Project("{FAE04EC0-301F-11D3-BF4B-00C04F79EFBC}") = "Zadanie05", "Zadanie05\Zadanie05.csproj", "{E474E61D-17FA-4AF4-9E5A-DF712295E634}"
EndProject
Project("{FAE04EC0-301F-11D3-BF4B-00C04F79EFBC}") = "Zadanie06", "Zadanie06\Zadanie06.csproj", "{61FA9E49-3B12-4D06-80CC-07D20C8EF5F0}"
EndProject
Project("{FAE04EC0-301F-11D3-BF4B-00C04F79EFBC}") = "Zadanie07", "Zadanie07\Zadanie07.csproj", "{BC9BCF32-38D2-4D6B-83B8-25C68B3DEF56}"
EndProject
Global
	GlobalSection(SolutionConfigurationPlatforms) = preSolution
		Debug|Any CPU = Debug|Any CPU
		Release|Any CPU = Release|Any CPU
	EndGlobalSection
	GlobalSection(ProjectConfigurationPlatforms) = postSolution
		{0C0089A5-A523-4419-924C-428CAFB3C06E}.Debug|Any CPU.ActiveCfg = Debug|Any CPU
		{0C0089A5-A523-4419-924C-428CAFB3C06E}.Debug|Any CPU.Build.0 = Debug|Any CPU
		{0C0089A5-A523-4419-924C-428CAFB3C06E}.Release|Any CPU.ActiveCfg = Release|Any CPU
		{0C0089A5-A523-4419-924C-428CAFB3C06E}.Release|Any CPU.Build.0 = Release|Any CPU
		{0F10E03F-0154-4976-9DCE-9D3FFC8B297B}.Debug|Any CPU.ActiveCfg = Debug|Any CPU
		{0F10E03F-0154-4976-9DCE-9D3FFC8B297B}.Debug|Any CPU.Build.0 = Debug|Any CPU
		{0F10E03F-0154-4976-9DCE-9D3FFC8B297B}.Release|Any CPU.ActiveCfg = Release|Any CPU
		{0F10E03F-0154-4976-9DCE-9D3FFC8B297B}.Release|Any CPU.Build.0 = Release|Any CPU
		{783B57CA-8BBD-4088-951D-DAEDC563CEB4}.Debug|Any CPU.ActiveCfg = Debug|Any CPU
		{783B57CA-8BBD-4088-951D-DAEDC563CEB4}.Debug|Any CPU.Build.0 = Debug|Any CPU
		{783B57CA-8BBD-4088-951D-DAEDC563CEB4}.Release|Any CPU.ActiveCfg = Release|Any CPU
		{783B57CA-8BBD-4088-951D-DAEDC563CEB4}.Release|Any CPU.Build.0 = Release|Any CPU
		{AC97559E-7F17-4426-86F4-40FEE87D390E}.Debug|Any CPU.ActiveCfg = Debug|Any CPU
		{AC97559E-7F17-4426-86F4-40FEE87D390E}.Debug|Any CPU.Build.0 = Debug|Any CPU
		{AC97559E-7F17-4426-86F4-40FEE87D390E}.Release|Any CPU.ActiveCfg = Release|Any CPU
		{AC97559E-7F17-4426-86F4-40FEE87D390E}.Release|Any CPU.Build.0 = Release|Any CPU
		{E474E61D-17FA-4AF4-9E5A-DF712295E634}.Debug|Any CPU.ActiveCfg = Debug|Any CPU
		{E474E61D-17FA-4AF4-9E5A-DF712295E634}.Debug|Any CPU.Build.0 = Debug|Any CPU
		{E474E61D-17FA-4AF4-9E5A-DF712295E634}.Release|Any CPU.ActiveCfg = Release|Any CPU
		{E474E61D-17FA-4AF4-9E5A-DF712295E634}.Release|Any CPU.Build.0 = Release|Any CPU
		{61FA9E49-3B12-4D06-80CC-07D20C8EF5F0}.Debug|Any CPU.ActiveCfg = Debug|Any CPU
		{61FA9E49-3B12-4D06-80CC-07D20C8EF5F0}.Debug|Any CPU.Build.0 = Debug|Any CPU
		{61FA9E49-3B12-4D06-80CC-07D20C8EF5F0}.Release|Any CPU.ActiveCfg = Release|Any CPU
		{61FA9E49-3B12-4D06-80CC-07D20C8EF5F0}.Release|Any CPU.Build.0 = Release|Any CPU
		{BC9BCF32-38D2-4D6B-83B8-25C68B3DEF56}.Debug|Any CPU.ActiveCfg = Debug|Any CPU
		{BC9BCF32-38D2-4D6B-83B8-25C68B3DEF56}.Debug|Any CPU.Build.0 = Debug|Any CPU
		{BC9BCF32-38D2-4D6B-83B8-25C68B3DEF56}.Release|Any CPU.ActiveCfg = Release|Any CPU
		{BC9BCF32-38D2-4D6B-83B8-25C68B3DEF56}.Release|Any CPU.Build.0 = Release|Any CPU
	EndGlobalSection
	GlobalSection(SolutionProperties) = preSolution
		HideSolutionNode = FALSE
	EndGlobalSection
	GlobalSection(ExtensibilityGlobals) = postSolution
		SolutionGuid = {37CB1A27-FB6C-4094-8CBA-ABC6DA986A96}
	EndGlobalSection
EndGlobal
